
Microsoft Visual Studio Solution File, Format Version 12.00
# Visual Studio Version 16
VisualStudioVersion = 16.0.30717.126
MinimumVisualStudioVersion = 10.0.40219.1
Project("{FAE04EC0-301F-11D3-BF4B-00C04F79EFBC}") = "HoloMetrix API Explorer", "HoloMetrix API Explorer\HoloMetrix API Explorer.csproj", "{F44DC705-7805-4397-94EC-83E48AA00C12}"
EndProject
Global
	GlobalSection(SolutionConfigurationPlatforms) = preSolution
		Debug|Any CPU = Debug|Any CPU
		Release|Any CPU = Release|Any CPU
	EndGlobalSection
	GlobalSection(ProjectConfigurationPlatforms) = postSolution
		{F44DC705-7805-4397-94EC-83E48AA00C12}.Debug|Any CPU.ActiveCfg = Debug|Any CPU
		{F44DC705-7805-4397-94EC-83E48AA00C12}.Debug|Any CPU.Build.0 = Debug|Any CPU
		{F44DC705-7805-4397-94EC-83E48AA00C12}.Release|Any CPU.ActiveCfg = Release|Any CPU
		{F44DC705-7805-4397-94EC-83E48AA00C12}.Release|Any CPU.Build.0 = Release|Any CPU
	EndGlobalSection
	GlobalSection(SolutionProperties) = preSolution
		HideSolutionNode = FALSE
	EndGlobalSection
	GlobalSection(ExtensibilityGlobals) = postSolution
		SolutionGuid = {04B6B2D3-6387-4DA3-BA46-18509D72AF9A}
	EndGlobalSection
EndGlobal
